
Microsoft Visual Studio Solution File, Format Version 12.00
# Visual Studio Version 17
VisualStudioVersion = 17.7.34202.233
MinimumVisualStudioVersion = 10.0.40219.1
Project("{FAE04EC0-301F-11D3-BF4B-00C04F79EFBC}") = "ElecTest", "ElecTest\ElecTest.csproj", "{48EB4664-A3E2-4302-9CB9-7EE8936F3A46}"
EndProject
Global
	GlobalSection(SolutionConfigurationPlatforms) = preSolution
		Debug|Any CPU = Debug|Any CPU
		Release|Any CPU = Release|Any CPU
	EndGlobalSection
	GlobalSection(ProjectConfigurationPlatforms) = postSolution
		{48EB4664-A3E2-4302-9CB9-7EE8936F3A46}.Debug|Any CPU.ActiveCfg = Debug|Any CPU
		{48EB4664-A3E2-4302-9CB9-7EE8936F3A46}.Debug|Any CPU.Build.0 = Debug|Any CPU
		{48EB4664-A3E2-4302-9CB9-7EE8936F3A46}.Release|Any CPU.ActiveCfg = Release|Any CPU
		{48EB4664-A3E2-4302-9CB9-7EE8936F3A46}.Release|Any CPU.Build.0 = Release|Any CPU
	EndGlobalSection
	GlobalSection(SolutionProperties) = preSolution
		HideSolutionNode = FALSE
	EndGlobalSection
	GlobalSection(ExtensibilityGlobals) = postSolution
		SolutionGuid = {4AECC2E6-C496-42A6-A84C-14ED5EA8B2C8}
	EndGlobalSection
EndGlobal
